# Generated by buf. DO NOT EDIT.
version: v2
deps:
  - name: buf.build/envoyproxy/protoc-gen-validate
    commit: 6607b10f00ed4a3d98f906807131c44a
    digest: b5:ade405ac4328bd0a2cf83c93bcb4bc389d4897afd86a0096df4537b180916882da4e4f0c2d45f0b1554d7a6c87f6c5bc94b71b3555ca71cc31a9a8baed26a9f9
  - name: buf.build/googleapis/googleapis
    commit: 5ae7f88519b04fe1965da0f8a375a088
    digest: b5:ac717f02b210c53aeaa5d8801b118cae7a1883dab531034859889622dcb389979ee731ab42192c16c3cdb39b40f2dda72a8c1ebeefa3bcdf95f9e5739dc30cca
